schema: '2.0'
stages:
  data_cleaning:
    cmd: python src/data/data_cleaning.py
    deps:
    - path: data/raw/swiggy.csv
      hash: md5
      md5: 0b050b37dfe6cfbfaa18d7cb4e454377
      size: 7772212
    - path: src/data/data_cleaning.py
      hash: md5
      md5: 3ab246a8706e28b606575f228385f9da
      size: 9190
    outs:
    - path: data/cleaned/swiggy_cleaned.csv
      hash: md5
      md5: 4918716e52fc57babdcd400dfb3c3f29
      size: 4508527
  data_preparation:
    cmd: python src/data/data_preparation.py
    deps:
    - path: data/cleaned/swiggy_cleaned.csv
      hash: md5
      md5: 4918716e52fc57babdcd400dfb3c3f29
      size: 4508527
    - path: src/data/data_preparation.py
      hash: md5
      md5: 038a96dbf61e9b8dccf1d3f94a8142cb
      size: 2943
    params:
      params.yaml:
        Data_Preparation.random_state: 1
        Data_Preparation.test_size: 0.2
    outs:
    - path: data/interim/test.csv
      hash: md5
      md5: c1906ecda4974032ca533cba73a4e9bb
      size: 901589
    - path: data/interim/train.csv
      hash: md5
      md5: 97b701af7c2fa39e2b2c9252e25082db
      size: 3603980
  data_preprocessing:
    cmd: python src/features/data_preprocessing.py
    deps:
    - path: data/interim/test.csv
      hash: md5
      md5: c1906ecda4974032ca533cba73a4e9bb
      size: 901589
    - path: data/interim/train.csv
      hash: md5
      md5: 97b701af7c2fa39e2b2c9252e25082db
      size: 3603980
    - path: src/features/data_preprocessing.py
      hash: md5
      md5: b11b406c009615678080b75df0e175f1
      size: 6916
    outs:
    - path: data/processed/test_trans.csv
      hash: md5
      md5: d149d4b3bfa31b731c917195ab95eead
      size: 1090792
    - path: data/processed/train_trans.csv
      hash: md5
      md5: d6f1ce177156c5e9d322d0103a04249f
      size: 4327941
    - path: models/preprocessor.joblib
      hash: md5
      md5: f9cd7c1f2a3734259d0b2112639bea1a
      size: 7487
  train:
    cmd: python src/models/train.py
    deps:
    - path: data/processed/train_trans.csv
      hash: md5
      md5: d6f1ce177156c5e9d322d0103a04249f
      size: 4327941
    - path: src/models/train.py
      hash: md5
      md5: b77869dc51213e941cfe43467ebcfcb5
      size: 3547
    params:
      params.yaml:
        Train.LightGBM:
          n_estimators: 154
          max_depth: 39
          learning_rate: 0.10623584205746522
          subsample: 0.7652027105163016
          min_child_weight: 5
          min_split_gain: 0.021145497888509057
          reg_lambda: 32.27542190982739
          n_jobs: -1
        Train.Random_Forest:
          n_estimators: 197
          criterion: squared_error
          max_depth: 13
          max_features:
          min_samples_split: 2
          min_samples_leaf: 5
          max_samples: 0.9626975055628908
          verbose: 1
          n_jobs: -1
    outs:
    - path: models/model.joblib
      hash: md5
      md5: 383fe9162a82fe31757ac3a1bfdc6c29
      size: 43625432
    - path: models/power_transformer.joblib
      hash: md5
      md5: 8243eb89d6b2e1a4cfc147702626f7d8
      size: 837
    - path: models/stacking_regressor.joblib
      hash: md5
      md5: 2bc8796496f02998ad505388f0dcadd0
      size: 43615242
  evaluation:
    cmd: python src/models/evaluation.py
    deps:
    - path: data/processed/test_trans.csv
      hash: md5
      md5: d149d4b3bfa31b731c917195ab95eead
      size: 1090792
    - path: data/processed/train_trans.csv
      hash: md5
      md5: d6f1ce177156c5e9d322d0103a04249f
      size: 4327941
    - path: models/model.joblib
      hash: md5
      md5: 383fe9162a82fe31757ac3a1bfdc6c29
      size: 43625432
    - path: src/models/evaluation.py
      hash: md5
      md5: 2da613ea7ce007eaa3620565721c694f
      size: 6091
    outs:
    - path: run_information.json
      hash: md5
      md5: de490551f9790885d28911858e9f8efe
      size: 220
  register_model:
    cmd: python src/models/register_model.py
    deps:
    - path: run_information.json
      hash: md5
      md5: de490551f9790885d28911858e9f8efe
      size: 220
    - path: src/models/register_model.py
      hash: md5
      md5: 6a7b3863697edef6fe24b60ecfcba9d4
      size: 2104
